{
  "lockfileVersion": 1,
  "configVersion": 1,
  "workspaces": {
    "": {
      "name": "@rampart/core",
      "dependencies": {
        "iron-session": "^8.0.4",
      },
      "devDependencies": {
        "@types/bcryptjs": "^3.0.0",
        "@types/bun": "^1.3.11",
        "@types/node": "^20",
      },
      "peerDependencies": {
        "bcryptjs": "^3.0.3",
        "typescript": "^5.0.0",
      },
      "optionalPeers": [
        "bcryptjs",
        "typescript",
      ],
    },
  },
  "packages": {
    "@types/bcryptjs": ["@types/bcryptjs@3.0.0", "", { "dependencies": { "bcryptjs": "*" } }, "sha512-WRZOuCuaz8UcZZE4R5HXTco2goQSI2XxjGY3hbM/xDvwmqFWd4ivooImsMx65OKM6CtNKbnZ5YL+YwAwK7c1dg=="],

    "@types/bun": ["@types/bun@1.3.11", "", { "dependencies": { "bun-types": "1.3.11" } }, "sha512-5vPne5QvtpjGpsGYXiFyycfpDF2ECyPcTSsFBMa0fraoxiQyMJ3SmuQIGhzPg2WJuWxVBoxWJ2kClYTcw/4fAg=="],

    "@types/node": ["@types/node@20.19.34", "", { "dependencies": { "undici-types": "~6.21.0" } }, "sha512-by3/Z0Qp+L9cAySEsSNNwZ6WWw8ywgGLPQGgbQDhNRSitqYgkgp4pErd23ZSCavbtUA2CN4jQtoB3T8nk4j3Rg=="],

    "bcryptjs": ["bcryptjs@3.0.3", "", { "bin": { "bcrypt": "bin/bcrypt" } }, "sha512-GlF5wPWnSa/X5LKM1o0wz0suXIINz1iHRLvTS+sLyi7XPbe5ycmYI3DlZqVGZZtDgl4DmasFg7gOB3JYbphV5g=="],

    "bun-types": ["bun-types@1.3.11", "", { "dependencies": { "@types/node": "*" } }, "sha512-1KGPpoxQWl9f6wcZh57LvrPIInQMn2TQ7jsgxqpRzg+l0QPOFvJVH7HmvHo/AiPgwXy+/Thf6Ov3EdVn1vOabg=="],

    "cookie": ["cookie@0.7.2", "", {}, "sha512-yki5XnKuf750l50uGTllt6kKILY4nQ1eNIQatoXEByZ5dWgnKqbnqmTrBE5B4N7lrMJKQ2ytWMiTO2o0v6Ew/w=="],

    "iron-session": ["iron-session@8.0.4", "", { "dependencies": { "cookie": "^0.7.2", "iron-webcrypto": "^1.2.1", "uncrypto": "^0.1.3" } }, "sha512-9ivNnaKOd08osD0lJ3i6If23GFS2LsxyMU8Gf/uBUEgm8/8CC1hrrCHFDpMo3IFbpBgwoo/eairRsaD3c5itxA=="],

    "iron-webcrypto": ["iron-webcrypto@1.2.1", "", {}, "sha512-feOM6FaSr6rEABp/eDfVseKyTMDt+KGpeB35SkVn9Tyn0CqvVsY3EwI0v5i8nMHyJnzCIQf7nsy3p41TPkJZhg=="],

    "uncrypto": ["uncrypto@0.1.3", "", {}, "sha512-Ql87qFHB3s/De2ClA9e0gsnS6zXG27SkTiSJwjCc9MebbfapQfuPzumMIUMi38ezPZVNFcHI9sUIepeQfw8J8Q=="],

    "undici-types": ["undici-types@6.21.0", "", {}, "sha512-iwDZqg0QAGrg9Rav5H4n0M64c3mkR59cJ6wQp+7C4nI0gsmExaedaYLNO44eT4AtBBwjbTiGPMlt2Md0T9H9JQ=="],
  }
}
